
Microsoft Visual Studio Solution File, Format Version 12.00
# Visual Studio Version 16
VisualStudioVersion = 16.0.30320.27
MinimumVisualStudioVersion = 10.0.40219.1
Project("{FAE04EC0-301F-11D3-BF4B-00C04F79EFBC}") = "MovieApi", "MovieApi\MovieApi.csproj", "{0900BDCA-389A-42C6-9EB3-887284427639}"
EndProject
Global
	GlobalSection(SolutionConfigurationPlatforms) = preSolution
		Debug|Any CPU = Debug|Any CPU
		Release|Any CPU = Release|Any CPU
	EndGlobalSection
	GlobalSection(ProjectConfigurationPlatforms) = postSolution
		{0900BDCA-389A-42C6-9EB3-887284427639}.Debug|Any CPU.ActiveCfg = Debug|Any CPU
		{0900BDCA-389A-42C6-9EB3-887284427639}.Debug|Any CPU.Build.0 = Debug|Any CPU
		{0900BDCA-389A-42C6-9EB3-887284427639}.Release|Any CPU.ActiveCfg = Release|Any CPU
		{0900BDCA-389A-42C6-9EB3-887284427639}.Release|Any CPU.Build.0 = Release|Any CPU
	EndGlobalSection
	GlobalSection(SolutionProperties) = preSolution
		HideSolutionNode = FALSE
	EndGlobalSection
	GlobalSection(ExtensibilityGlobals) = postSolution
		SolutionGuid = {1F955C27-1330-4F14-A2A7-9C4824D15C2D}
	EndGlobalSection
EndGlobal
